
Microsoft Visual Studio Solution File, Format Version 12.00
# Visual Studio Version 16
VisualStudioVersion = 16.0.29728.190
MinimumVisualStudioVersion = 10.0.40219.1
Project("{9A19103F-16F7-4668-BE54-9A1E7A4F7556}") = "GifAnimator", "GifAnimator\GifAnimator.csproj", "{1E472AA7-EA0F-423A-9904-9ED2307D8DE2}"
EndProject
Project("{FAE04EC0-301F-11D3-BF4B-00C04F79EFBC}") = "TwitchEmoteAdaptor", "TwitchEmoteAdaptor\TwitchEmoteAdaptor.csproj", "{725F5E2D-FDFA-48B1-8521-540963404809}"
EndProject
Global
	GlobalSection(SolutionConfigurationPlatforms) = preSolution
		Debug|Any CPU = Debug|Any CPU
		Release|Any CPU = Release|Any CPU
	EndGlobalSection
	GlobalSection(ProjectConfigurationPlatforms) = postSolution
		{1E472AA7-EA0F-423A-9904-9ED2307D8DE2}.Debug|Any CPU.ActiveCfg = Debug|Any CPU
		{1E472AA7-EA0F-423A-9904-9ED2307D8DE2}.Debug|Any CPU.Build.0 = Debug|Any CPU
		{1E472AA7-EA0F-423A-9904-9ED2307D8DE2}.Release|Any CPU.ActiveCfg = Release|Any CPU
		{1E472AA7-EA0F-423A-9904-9ED2307D8DE2}.Release|Any CPU.Build.0 = Release|Any CPU
		{725F5E2D-FDFA-48B1-8521-540963404809}.Debug|Any CPU.ActiveCfg = Debug|Any CPU
		{725F5E2D-FDFA-48B1-8521-540963404809}.Debug|Any CPU.Build.0 = Debug|Any CPU
		{725F5E2D-FDFA-48B1-8521-540963404809}.Release|Any CPU.ActiveCfg = Release|Any CPU
		{725F5E2D-FDFA-48B1-8521-540963404809}.Release|Any CPU.Build.0 = Release|Any CPU
	EndGlobalSection
	GlobalSection(SolutionProperties) = preSolution
		HideSolutionNode = FALSE
	EndGlobalSection
	GlobalSection(ExtensibilityGlobals) = postSolution
		SolutionGuid = {B002F17B-157A-494D-9D48-A7A7CDAE7878}
	EndGlobalSection
EndGlobal
